{
  "name": "export",
  "version": "1.0.0",
  "lockfileVersion": 1,
  "requires": true,
  "dependencies": {
    "@types/json-schema": {
      "version": "7.0.9",
      "resolved": "https://registry.npmmirror.com/@types/json-schema/download/@types/json-schema-7.0.9.tgz",
      "dev": true
    },
    "ajv": {
      "version": "6.12.6",
      "resolved": "https://registry.npmmirror.com/ajv/download/ajv-6.12.6.tgz",
      "dev": true,
      "dependencies": {
        "fast-deep-equal": {
          "version": "https://registry.npmmirror.com/fast-deep-equal/download/fast-deep-equal-3.1.3.tgz",
          "bundled": true
        },
        "fast-json-stable-stringify": {
          "version": "https://registry.npmmirror.com/fast-json-stable-stringify/download/fast-json-stable-stringify-2.1.0.tgz",
          "bundled": true
        },
        "json-schema-traverse": {
          "version": "https://registry.npmmirror.com/json-schema-traverse/download/json-schema-traverse-0.4.1.tgz",
          "bundled": true
        },
        "uri-js": {
          "version": "https://registry.npmmirror.com/uri-js/download/uri-js-4.4.1.tgz",
          "bundled": true
        }
      }
    },
    "ajv-keywords": {
      "version": "3.5.2",
      "resolved": "https://registry.npmmirror.com/ajv-keywords/download/ajv-keywords-3.5.2.tgz",
      "dev": true
    },
    "jest-worker": {
      "version": "27.3.1",
      "resolved": "https://registry.npmmirror.com/jest-worker/download/jest-worker-27.3.1.tgz",
      "dev": true,
      "dependencies": {
        "@types/node": {
          "version": "https://registry.npmmirror.com/@types/node/download/@types/node-16.11.6.tgz",
          "bundled": true
        },
        "merge-stream": {
          "version": "https://registry.npmmirror.com/merge-stream/download/merge-stream-2.0.0.tgz",
          "bundled": true
        },
        "supports-color": {
          "version": "https://registry.npmmirror.com/supports-color/download/supports-color-8.1.1.tgz",
          "bundled": true
        }
      }
    },
    "p-limit": {
      "version": "3.1.0",
      "resolved": "https://registry.npmmirror.com/p-limit/download/p-limit-3.1.0.tgz",
      "dev": true,
      "dependencies": {
        "yocto-queue": {
          "version": "https://registry.npmmirror.com/yocto-queue/download/yocto-queue-0.1.0.tgz",
          "bundled": true
        }
      }
    },
    "safe-buffer": {
      "version": "5.2.1",
      "resolved": "https://registry.npmmirror.com/safe-buffer/download/safe-buffer-5.2.1.tgz",
      "dev": true
    },
    "source-map-support": {
      "version": "0.5.20",
      "resolved": "https://registry.npmmirror.com/source-map-support/download/source-map-support-0.5.20.tgz",
      "dev": true,
      "dependencies": {
        "buffer-from": {
          "version": "https://registry.npmmirror.com/buffer-from/download/buffer-from-1.1.2.tgz",
          "bundled": true
        },
        "source-map": {
          "version": "https://registry.npmmirror.com/source-map/download/source-map-0.6.1.tgz",
          "bundled": true
        }
      }
    },
    "terser-webpack-plugin": {
      "version": "5.2.4",
      "resolved": "http://10.26.60.112:8085/terser-webpack-plugin/-/terser-webpack-plugin-5.2.4.tgz",
      "integrity": "sha1-rRvnY5scvj6kn6uZXL5yJLMXR6E=",
      "dev": true,
      "requires": {
        "jest-worker": "^27.0.6",
        "p-limit": "^3.1.0",
        "schema-utils": "^3.1.1",
        "serialize-javascript": "^6.0.0",
        "source-map": "^0.6.1",
        "terser": "^5.7.2"
      },
      "dependencies": {
        "commander": {
          "version": "2.20.3",
          "resolved": "http://10.26.60.112:8085/commander/-/commander-2.20.3.tgz",
          "integrity": "sha1-/UhehMA+tIgcIHIrpIA16FMa6zM=",
          "dev": true
        },
        "randombytes": {
          "version": "2.1.0",
          "resolved": "http://10.26.60.112:8085/randombytes/-/randombytes-2.1.0.tgz",
          "integrity": "sha1-32+ENy8CcNxlzfYpE0mrekc9Tyo=",
          "dev": true,
          "requires": {
            "safe-buffer": "^5.1.0"
          }
        },
        "schema-utils": {
          "version": "3.1.1",
          "resolved": "http://10.26.60.112:8085/schema-utils/-/schema-utils-3.1.1.tgz",
          "integrity": "sha1-vHTEtraZXB2I92qLd76nIZ4MgoE=",
          "dev": true,
          "requires": {
            "@types/json-schema": "^7.0.8",
            "ajv": "^6.12.5",
            "ajv-keywords": "^3.5.2"
          }
        },
        "serialize-javascript": {
          "version": "6.0.0",
          "resolved": "http://10.26.60.112:8085/serialize-javascript/-/serialize-javascript-6.0.0.tgz",
          "integrity": "sha1-765diPRdeSQUHai1w6en5mP+/rg=",
          "dev": true,
          "requires": {
            "randombytes": "^2.1.0"
          }
        },
        "source-map": {
          "version": "0.6.1",
          "resolved": "http://10.26.60.112:8085/source-map/-/source-map-0.6.1.tgz",
          "integrity": "sha1-dHIq8y6WFOnCh6jQu95IteLxomM=",
          "dev": true
        },
        "terser": {
          "version": "5.9.0",
          "resolved": "http://10.26.60.112:8085/terser/-/terser-5.9.0.tgz",
          "integrity": "sha1-R9bmKaUiljJA8rVfyqPJkIPSw1E=",
          "dev": true,
          "requires": {
            "commander": "^2.20.0",
            "source-map": "~0.7.2",
            "source-map-support": "~0.5.20"
          },
          "dependencies": {
            "source-map": {
              "version": "0.7.3",
              "resolved": "http://10.26.60.112:8085/source-map/-/source-map-0.7.3.tgz",
              "integrity": "sha1-UwL4FpAxc1ImVECS5kmB91F1A4M=",
              "dev": true
            }
          }
        }
      }
    },
    "webpack": {
      "version": "5.60.0",
      "resolved": "https://registry.npmmirror.com/webpack/download/webpack-5.60.0.tgz",
      "dev": true,
      "requires": {
        "terser-webpack-plugin": "^5.1.3"
      },
      "dependencies": {
        "@types/eslint-scope": {
          "version": "https://registry.npmmirror.com/@types/eslint-scope/download/@types/eslint-scope-3.7.1.tgz",
          "dependencies": {
            "@types/eslint": {
              "version": "https://registry.npmmirror.com/@types/eslint/download/@types/eslint-7.28.2.tgz",
              "bundled": true,
              "dependencies": {
                "@types/estree": {
                  "version": "https://registry.npmmirror.com/@types/estree/download/@types/estree-0.0.50.tgz",
                  "bundled": true
                },
                "@types/json-schema": {
                  "version": "https://registry.npmmirror.com/@types/json-schema/download/@types/json-schema-7.0.9.tgz",
                  "bundled": true
                }
              }
            },
            "@types/estree": {
              "version": "https://registry.npmmirror.com/@types/estree/download/@types/estree-0.0.50.tgz",
              "bundled": true
            }
          }
        },
        "@types/estree": {
          "version": "https://registry.npmmirror.com/@types/estree/download/@types/estree-0.0.50.tgz"
        },
        "@webassemblyjs/ast": {
          "version": "https://registry.npmmirror.com/@webassemblyjs/ast/download/@webassemblyjs/ast-1.11.1.tgz"
        },
        "@webassemblyjs/wasm-edit": {
          "version": "https://registry.npmmirror.com/@webassemblyjs/wasm-edit/download/@webassemblyjs/wasm-edit-1.11.1.tgz",
          "dependencies": {
            "@webassemblyjs/ast": {
              "version": "https://registry.npmmirror.com/@webassemblyjs/ast/download/@webassemblyjs/ast-1.11.1.tgz",
              "bundled": true,
              "dependencies": {
                "@webassemblyjs/helper-numbers": {
                  "version": "https://registry.npmmirror.com/@webassemblyjs/helper-numbers/download/@webassemblyjs/helper-numbers-1.11.1.tgz",
                  "bundled": true
                },
                "@webassemblyjs/helper-wasm-bytecode": {
                  "version": "https://registry.npmmirror.com/@webassemblyjs/helper-wasm-bytecode/download/@webassemblyjs/helper-wasm-bytecode-1.11.1.tgz",
                  "bundled": true
                }
              }
            },
            "@webassemblyjs/helper-buffer": {
              "version": "https://registry.npmmirror.com/@webassemblyjs/helper-buffer/download/@webassemblyjs/helper-buffer-1.11.1.tgz",
              "bundled": true
            },
            "@webassemblyjs/helper-wasm-bytecode": {
              "version": "https://registry.npmmirror.com/@webassemblyjs/helper-wasm-bytecode/download/@webassemblyjs/helper-wasm-bytecode-1.11.1.tgz",
              "bundled": true
            },
            "@webassemblyjs/helper-wasm-section": {
              "version": "https://registry.npmmirror.com/@webassemblyjs/helper-wasm-section/download/@webassemblyjs/helper-wasm-section-1.11.1.tgz",
              "bundled": true,
              "dependencies": {
                "@webassemblyjs/ast": {
                  "version": "https://registry.npmmirror.com/@webassemblyjs/ast/download/@webassemblyjs/ast-1.11.1.tgz",
                  "bundled": true,
                  "dependencies": {
                    "@webassemblyjs/helper-numbers": {
                      "version": "https://registry.npmmirror.com/@webassemblyjs/helper-numbers/download/@webassemblyjs/helper-numbers-1.11.1.tgz",
                      "bundled": true
                    },
                    "@webassemblyjs/helper-wasm-bytecode": {
                      "version": "https://registry.npmmirror.com/@webassemblyjs/helper-wasm-bytecode/download/@webassemblyjs/helper-wasm-bytecode-1.11.1.tgz",
                      "bundled": true
                    }
                  }
                },
                "@webassemblyjs/helper-buffer": {
                  "version": "https://registry.npmmirror.com/@webassemblyjs/helper-buffer/download/@webassemblyjs/helper-buffer-1.11.1.tgz",
                  "bundled": true
                },
                "@webassemblyjs/helper-wasm-bytecode": {
                  "version": "https://registry.npmmirror.com/@webassemblyjs/helper-wasm-bytecode/download/@webassemblyjs/helper-wasm-bytecode-1.11.1.tgz",
                  "bundled": true
                },
                "@webassemblyjs/wasm-gen": {
                  "version": "https://registry.npmmirror.com/@webassemblyjs/wasm-gen/download/@webassemblyjs/wasm-gen-1.11.1.tgz",
                  "bundled": true
                }
              }
            },
            "@webassemblyjs/wasm-gen": {
              "version": "https://registry.npmmirror.com/@webassemblyjs/wasm-gen/download/@webassemblyjs/wasm-gen-1.11.1.tgz",
              "bundled": true,
              "dependencies": {
                "@webassemblyjs/ast": {
                  "version": "https://registry.npmmirror.com/@webassemblyjs/ast/download/@webassemblyjs/ast-1.11.1.tgz",
                  "bundled": true,
                  "dependencies": {
                    "@webassemblyjs/helper-numbers": {
                      "version": "https://registry.npmmirror.com/@webassemblyjs/helper-numbers/download/@webassemblyjs/helper-numbers-1.11.1.tgz",
                      "bundled": true
                    },
                    "@webassemblyjs/helper-wasm-bytecode": {
                      "version": "https://registry.npmmirror.com/@webassemblyjs/helper-wasm-bytecode/download/@webassemblyjs/helper-wasm-bytecode-1.11.1.tgz",
                      "bundled": true
                    }
                  }
                },
                "@webassemblyjs/helper-wasm-bytecode": {
                  "version": "https://registry.npmmirror.com/@webassemblyjs/helper-wasm-bytecode/download/@webassemblyjs/helper-wasm-bytecode-1.11.1.tgz",
                  "bundled": true
                },
                "@webassemblyjs/ieee754": {
                  "version": "https://registry.npmmirror.com/@webassemblyjs/ieee754/download/@webassemblyjs/ieee754-1.11.1.tgz",
                  "bundled": true
                },
                "@webassemblyjs/leb128": {
                  "version": "https://registry.npmmirror.com/@webassemblyjs/leb128/download/@webassemblyjs/leb128-1.11.1.tgz",
                  "bundled": true,
                  "dependencies": {
                    "@xtuc/long": {
                      "version": "https://registry.npmmirror.com/@xtuc/long/download/@xtuc/long-4.2.2.tgz",
                      "bundled": true
                    }
                  }
                },
                "@webassemblyjs/utf8": {
                  "version": "https://registry.npmmirror.com/@webassemblyjs/utf8/download/@webassemblyjs/utf8-1.11.1.tgz",
                  "bundled": true
                }
              }
            },
            "@webassemblyjs/wasm-opt": {
              "version": "https://registry.npmmirror.com/@webassemblyjs/wasm-opt/download/@webassemblyjs/wasm-opt-1.11.1.tgz",
              "bundled": true
            },
            "@webassemblyjs/wasm-parser": {
              "version": "https://registry.npmmirror.com/@webassemblyjs/wasm-parser/download/@webassemblyjs/wasm-parser-1.11.1.tgz",
              "bundled": true,
              "dependencies": {
                "@webassemblyjs/ast": {
                  "version": "https://registry.npmmirror.com/@webassemblyjs/ast/download/@webassemblyjs/ast-1.11.1.tgz",
                  "bundled": true,
                  "dependencies": {
                    "@webassemblyjs/helper-numbers": {
                      "version": "https://registry.npmmirror.com/@webassemblyjs/helper-numbers/download/@webassemblyjs/helper-numbers-1.11.1.tgz",
                      "bundled": true
                    },
                    "@webassemblyjs/helper-wasm-bytecode": {
                      "version": "https://registry.npmmirror.com/@webassemblyjs/helper-wasm-bytecode/download/@webassemblyjs/helper-wasm-bytecode-1.11.1.tgz",
                      "bundled": true
                    }
                  }
                },
                "@webassemblyjs/helper-api-error": {
                  "version": "https://registry.npmmirror.com/@webassemblyjs/helper-api-error/download/@webassemblyjs/helper-api-error-1.11.1.tgz",
                  "bundled": true
                },
                "@webassemblyjs/helper-wasm-bytecode": {
                  "version": "https://registry.npmmirror.com/@webassemblyjs/helper-wasm-bytecode/download/@webassemblyjs/helper-wasm-bytecode-1.11.1.tgz",
                  "bundled": true
                },
                "@webassemblyjs/ieee754": {
                  "version": "https://registry.npmmirror.com/@webassemblyjs/ieee754/download/@webassemblyjs/ieee754-1.11.1.tgz",
                  "bundled": true,
                  "dependencies": {
                    "@xtuc/ieee754": {
                      "version": "https://registry.npmmirror.com/@xtuc/ieee754/download/@xtuc/ieee754-1.2.0.tgz",
                      "bundled": true
                    }
                  }
                },
                "@webassemblyjs/leb128": {
                  "version": "https://registry.npmmirror.com/@webassemblyjs/leb128/download/@webassemblyjs/leb128-1.11.1.tgz",
                  "bundled": true
                },
                "@webassemblyjs/utf8": {
                  "version": "https://registry.npmmirror.com/@webassemblyjs/utf8/download/@webassemblyjs/utf8-1.11.1.tgz",
                  "bundled": true
                }
              }
            },
            "@webassemblyjs/wast-printer": {
              "version": "https://registry.npmmirror.com/@webassemblyjs/wast-printer/download/@webassemblyjs/wast-printer-1.11.1.tgz",
              "bundled": true
            }
          }
        },
        "@webassemblyjs/wasm-parser": {
          "version": "https://registry.npmmirror.com/@webassemblyjs/wasm-parser/download/@webassemblyjs/wasm-parser-1.11.1.tgz",
          "dependencies": {
            "@webassemblyjs/ast": {
              "version": "https://registry.npmmirror.com/@webassemblyjs/ast/download/@webassemblyjs/ast-1.11.1.tgz",
              "bundled": true,
              "dependencies": {}
            },
            "@webassemblyjs/helper-api-error": {
              "version": "https://registry.npmmirror.com/@webassemblyjs/helper-api-error/download/@webassemblyjs/helper-api-error-1.11.1.tgz",
              "bundled": true
            },
            "@webassemblyjs/helper-wasm-bytecode": {
              "version": "https://registry.npmmirror.com/@webassemblyjs/helper-wasm-bytecode/download/@webassemblyjs/helper-wasm-bytecode-1.11.1.tgz",
              "bundled": true
            },
            "@webassemblyjs/ieee754": {
              "version": "https://registry.npmmirror.com/@webassemblyjs/ieee754/download/@webassemblyjs/ieee754-1.11.1.tgz",
              "bundled": true,
              "dependencies": {}
            },
            "@webassemblyjs/leb128": {
              "version": "https://registry.npmmirror.com/@webassemblyjs/leb128/download/@webassemblyjs/leb128-1.11.1.tgz",
              "bundled": true
            },
            "@webassemblyjs/utf8": {
              "version": "https://registry.npmmirror.com/@webassemblyjs/utf8/download/@webassemblyjs/utf8-1.11.1.tgz",
              "bundled": true
            }
          }
        },
        "acorn": {
          "version": "https://registry.npmmirror.com/acorn/download/acorn-8.5.0.tgz"
        },
        "acorn-import-assertions": {
          "version": "https://registry.npmmirror.com/acorn-import-assertions/download/acorn-import-assertions-1.8.0.tgz"
        },
        "browserslist": {
          "version": "https://registry.npmmirror.com/browserslist/download/browserslist-4.17.5.tgz"
        },
        "chrome-trace-event": {
          "version": "https://registry.npmmirror.com/chrome-trace-event/download/chrome-trace-event-1.0.3.tgz"
        },
        "enhanced-resolve": {
          "version": "https://registry.npmmirror.com/enhanced-resolve/download/enhanced-resolve-5.8.3.tgz"
        },
        "es-module-lexer": {
          "version": "https://registry.npmmirror.com/es-module-lexer/download/es-module-lexer-0.9.3.tgz"
        },
        "eslint-scope": {
          "version": "https://registry.npmmirror.com/eslint-scope/download/eslint-scope-5.1.1.tgz"
        },
        "events": {
          "version": "https://registry.npmmirror.com/events/download/events-3.3.0.tgz"
        },
        "glob-to-regexp": {
          "version": "https://registry.npmmirror.com/glob-to-regexp/download/glob-to-regexp-0.4.1.tgz"
        },
        "graceful-fs": {
          "version": "https://registry.npmmirror.com/graceful-fs/download/graceful-fs-4.2.8.tgz"
        },
        "json-parse-better-errors": {
          "version": "https://registry.npmmirror.com/json-parse-better-errors/download/json-parse-better-errors-1.0.2.tgz"
        },
        "loader-runner": {
          "version": "https://registry.npmmirror.com/loader-runner/download/loader-runner-4.2.0.tgz"
        },
        "mime-types": {
          "version": "https://registry.npmmirror.com/mime-types/download/mime-types-2.1.33.tgz"
        },
        "neo-async": {
          "version": "https://registry.npmmirror.com/neo-async/download/neo-async-2.6.2.tgz"
        },
        "schema-utils": {
          "version": "https://registry.npmmirror.com/schema-utils/download/schema-utils-3.1.1.tgz"
        },
        "tapable": {
          "version": "https://registry.npmmirror.com/tapable/download/tapable-2.2.1.tgz"
        },
        "terser-webpack-plugin": {
          "version": "https://registry.npmmirror.com/terser-webpack-plugin/download/terser-webpack-plugin-5.2.4.tgz",
          "dependencies": {
            "jest-worker": {
              "version": "https://registry.npmmirror.com/jest-worker/download/jest-worker-27.3.1.tgz",
              "bundled": true
            },
            "p-limit": {
              "version": "https://registry.npmmirror.com/p-limit/download/p-limit-3.1.0.tgz",
              "bundled": true
            },
            "schema-utils": {
              "version": "https://registry.npmmirror.com/schema-utils/download/schema-utils-3.1.1.tgz",
              "bundled": true,
              "dependencies": {
                "@types/json-schema": {
                  "version": "https://registry.npmmirror.com/@types/json-schema/download/@types/json-schema-7.0.9.tgz"
                },
                "ajv": {
                  "version": "https://registry.npmmirror.com/ajv/download/ajv-6.12.6.tgz"
                },
                "ajv-keywords": {
                  "version": "https://registry.npmmirror.com/ajv-keywords/download/ajv-keywords-3.5.2.tgz"
                }
              }
            },
            "serialize-javascript": {
              "version": "https://registry.npmmirror.com/serialize-javascript/download/serialize-javascript-6.0.0.tgz",
              "bundled": true
            },
            "source-map": {
              "version": "https://registry.npmmirror.com/source-map/download/source-map-0.6.1.tgz",
              "bundled": true
            },
            "terser": {
              "version": "https://registry.npmmirror.com/terser/download/terser-5.9.0.tgz",
              "bundled": true
            }
          }
        },
        "watchpack": {
          "version": "https://registry.npmmirror.com/watchpack/download/watchpack-2.2.0.tgz"
        },
        "webpack-sources": {
          "version": "https://registry.npmmirror.com/webpack-sources/download/webpack-sources-3.2.1.tgz"
        }
      }
    },
    "webpack-cli": {
      "version": "4.9.1",
      "resolved": "https://registry.npmmirror.com/webpack-cli/download/webpack-cli-4.9.1.tgz",
      "dev": true,
      "requires": {
        "webpack-merge": "^5.7.3"
      },
      "dependencies": {
        "@discoveryjs/json-ext": {
          "version": "https://registry.npmmirror.com/@discoveryjs/json-ext/download/@discoveryjs/json-ext-0.5.5.tgz",
          "bundled": true
        },
        "@webpack-cli/configtest": {
          "version": "https://registry.npmmirror.com/@webpack-cli/configtest/download/@webpack-cli/configtest-1.1.0.tgz",
          "bundled": true
        },
        "@webpack-cli/info": {
          "version": "https://registry.npmmirror.com/@webpack-cli/info/download/@webpack-cli/info-1.4.0.tgz",
          "bundled": true,
          "dependencies": {
            "envinfo": {
              "version": "https://registry.npmmirror.com/envinfo/download/envinfo-7.8.1.tgz",
              "bundled": true
            }
          }
        },
        "@webpack-cli/serve": {
          "version": "https://registry.npmmirror.com/@webpack-cli/serve/download/@webpack-cli/serve-1.6.0.tgz",
          "bundled": true
        },
        "colorette": {
          "version": "https://registry.npmmirror.com/colorette/download/colorette-2.0.16.tgz",
          "bundled": true
        },
        "commander": {
          "version": "https://registry.npmmirror.com/commander/download/commander-7.2.0.tgz",
          "bundled": true
        },
        "execa": {
          "version": "https://registry.npmmirror.com/execa/download/execa-5.1.1.tgz",
          "bundled": true
        },
        "fastest-levenshtein": {
          "version": "https://registry.npmmirror.com/fastest-levenshtein/download/fastest-levenshtein-1.0.12.tgz",
          "bundled": true
        },
        "import-local": {
          "version": "https://registry.npmmirror.com/import-local/download/import-local-3.0.3.tgz",
          "bundled": true
        },
        "interpret": {
          "version": "https://registry.npmmirror.com/interpret/download/interpret-2.2.0.tgz",
          "bundled": true
        },
        "rechoir": {
          "version": "https://registry.npmmirror.com/rechoir/download/rechoir-0.7.1.tgz",
          "bundled": true
        },
        "webpack-merge": {
          "version": "https://registry.npmmirror.com/webpack-merge/download/webpack-merge-5.8.0.tgz",
          "bundled": true
        }
      }
    },
    "webpack-merge": {
      "version": "5.8.0",
      "resolved": "https://registry.npmmirror.com/webpack-merge/download/webpack-merge-5.8.0.tgz",
      "dev": true,
      "dependencies": {
        "clone-deep": {
          "version": "https://registry.npmmirror.com/clone-deep/download/clone-deep-4.0.1.tgz"
        },
        "wildcard": {
          "version": "https://registry.npmmirror.com/wildcard/download/wildcard-2.0.0.tgz"
        }
      }
    }
  }
}
